
Microsoft Visual Studio Solution File, Format Version 12.00
# Visual Studio Version 17
VisualStudioVersion = 17.5.002.0
MinimumVisualStudioVersion = 10.0.40219.1
Project("{2150E333-8FDC-42A3-9474-1A3956D46DE8}") = "Days", "Days", "{51FCE935-54FD-4349-9A6B-C551DC2845DD}"
EndProject
Project("{2150E333-8FDC-42A3-9474-1A3956D46DE8}") = "1", "1", "{CF80F3CD-6E04-47B1-8201-0C1E0DBE57F2}"
EndProject
Project("{9A19103F-16F7-4668-BE54-9A1E7A4F7556}") = "wmcgiff", "Days\1\wmcgiff\wmcgiff.csproj", "{89EE39BB-BE88-4A30-AB2A-3A311279BB06}"
EndProject
Global
	GlobalSection(SolutionConfigurationPlatforms) = preSolution
		Debug|Any CPU = Debug|Any CPU
		Release|Any CPU = Release|Any CPU
	EndGlobalSection
	GlobalSection(ProjectConfigurationPlatforms) = postSolution
		{89EE39BB-BE88-4A30-AB2A-3A311279BB06}.Debug|Any CPU.ActiveCfg = Debug|Any CPU
		{89EE39BB-BE88-4A30-AB2A-3A311279BB06}.Debug|Any CPU.Build.0 = Debug|Any CPU
		{89EE39BB-BE88-4A30-AB2A-3A311279BB06}.Release|Any CPU.ActiveCfg = Release|Any CPU
		{89EE39BB-BE88-4A30-AB2A-3A311279BB06}.Release|Any CPU.Build.0 = Release|Any CPU
	EndGlobalSection
	GlobalSection(SolutionProperties) = preSolution
		HideSolutionNode = FALSE
	EndGlobalSection
	GlobalSection(NestedProjects) = preSolution
		{CF80F3CD-6E04-47B1-8201-0C1E0DBE57F2} = {51FCE935-54FD-4349-9A6B-C551DC2845DD}
		{89EE39BB-BE88-4A30-AB2A-3A311279BB06} = {CF80F3CD-6E04-47B1-8201-0C1E0DBE57F2}
	EndGlobalSection
	GlobalSection(ExtensibilityGlobals) = postSolution
		SolutionGuid = {3C806F77-1411-4919-8012-0E92075BECEC}
	EndGlobalSection
EndGlobal
